// !$*UTF8*$!
{
	archiveVersion = 1;
	classes = {
	};
	objectVersion = 46;
	objects = {

/* Begin PBXBuildFile section */
		004E67F21E22F5720030A0CF /* AppDelegate.swift in Sources */ = {isa = PBXBuildFile; fileRef = 004E67F11E22F5720030A0CF /* AppDelegate.swift */; };
		004E67F41E22F5720030A0CF /* ViewController.swift in Sources */ = {isa = PBXBuildFile; fileRef = 004E67F31E22F5720030A0CF /* ViewController.swift */; };
		004E67F71E22F5720030A0CF /* Main.storyboard in Resources */ = {isa = PBXBuildFile; fileRef = 004E67F51E22F5720030A0CF /* Main.storyboard */; };
		004E67F91E22F5720030A0CF /* Assets.xcassets in Resources */ = {isa = PBXBuildFile; fileRef = 004E67F81E22F5720030A0CF /* Assets.xcassets */; };
		004E67FC1E22F5720030A0CF /* LaunchScreen.storyboard in Resources */ = {isa = PBXBuildFile; fileRef = 004E67FA1E22F5720030A0CF /* LaunchScreen.storyboard */; };
/* End PBXBuildFile section */

/* Begin PBXFileReference section */
		004E67EE1E22F5720030A0CF /* StockViewControllers.app */ = {isa = PBXFileReference; explicitFileType = wrapper.application; includeInIndex = 0; path = StockViewControllers.app; sourceTree = BUILT_PRODUCTS_DIR; };
		004E67F11E22F5720030A0CF /* AppDelegate.swift */ = {isa = PBXFileReference; lastKnownFileType = sourcecode.swift; path = AppDelegate.swift; sourceTree = "<group>"; };
		004E67F31E22F5720030A0CF /* ViewController.swift */ = {isa = PBXFileReference; lastKnownFileType = sourcecode.swift; path = ViewController.swift; sourceTree = "<group>"; };
		004E67F61E22F5720030A0CF /* Base */ = {isa = PBXFileReference; lastKnownFileType = file.storyboard; name = Base; path = Base.lproj/Main.storyboard; sourceTree = "<group>"; };
		004E67F81E22F5720030A0CF /* Assets.xcassets */ = {isa = PBXFileReference; lastKnownFileType = folder.assetcatalog; path = Assets.xcassets; sourceTree = "<group>"; };
		004E67FB1E22F5720030A0CF /* Base */ = {isa = PBXFileReference; lastKnownFileType = file.storyboard; name = Base; path = Base.lproj/LaunchScreen.storyboard; sourceTree = "<group>"; };
		004E67FD1E22F5720030A0CF /* Info.plist */ = {isa = PBXFileReference; lastKnownFileType = text.plist.xml; path = Info.plist; sourceTree = "<group>"; };
/* End PBXFileReference section */

/* Begin PBXFrameworksBuildPhase section */
		004E67EB1E22F5720030A0CF /* Frameworks */ = {
			isa = PBXFrameworksBuildPhase;
			buildActionMask = 2147483647;
			files = (
			);
			runOnlyForDeploymentPostprocessing = 0;
		};
/* End PBXFrameworksBuildPhase section */

/* Begin PBXGroup section */
		004E67E51E22F5720030A0CF = {
			isa = PBXGroup;
			children = (
				004E67F01E22F5720030A0CF /* StockViewControllers */,
				004E67EF1E22F5720030A0CF /* Products */,
			);
			sourceTree = "<group>";
		};
		004E67EF1E22F5720030A0CF /* Products */ = {
			isa = PBXGroup;
			children = (
				004E67EE1E22F5720030A0CF /* StockViewControllers.app */,
			);
			name = Products;
			sourceTree = "<group>";
		};
		004E67F01E22F5720030A0CF /* StockViewControllers */ = {
			isa = PBXGroup;
			children = (
				004E67F11E22F5720030A0CF /* AppDelegate.swift */,
				004E67F31E22F5720030A0CF /* ViewController.swift */,
				004E67F51E22F5720030A0CF /* Main.storyboard */,
				004E67F81E22F5720030A0CF /* Assets.xcassets */,
				004E67FA1E22F5720030A0CF /* LaunchScreen.storyboard */,
				004E67FD1E22F5720030A0CF /* Info.plist */,
			);
			path = StockViewControllers;
			sourceTree = "<group>";
		};
/* End PBXGroup section */

/* Begin PBXNativeTarget section */
		004E67ED1E22F5720030A0CF /* StockViewControllers */ = {
			isa = PBXNativeTarget;
			buildConfigurationList = 004E68001E22F5720030A0CF /* Build configuration list for PBXNativeTarget "StockViewControllers" */;
			buildPhases = (
				004E67EA1E22F5720030A0CF /* Sources */,
				004E67EB1E22F5720030A0CF /* Frameworks */,
				004E67EC1E22F5720030A0CF /* Resources */,
			);
			buildRules = (
			);
			dependencies = (
			);
			name = StockViewControllers;
			productName = StockViewControllers;
			productReference = 004E67EE1E22F5720030A0CF /* StockViewControllers.app */;
			productType = "com.apple.product-type.application";
		};
/* End PBXNativeTarget section */

/* Begin PBXProject section */
		004E67E61E22F5720030A0CF /* Project object */ = {
			isa = PBXProject;
			attributes = {
				LastSwiftUpdateCheck = 0820;
				LastUpgradeCheck = 0820;
				ORGANIZATIONNAME = premiumapp;
				TargetAttributes = {
					004E67ED1E22F5720030A0CF = {
						CreatedOnToolsVersion = 8.2.1;
						DevelopmentTeam = 5R93UBRK4V;
						ProvisioningStyle = Automatic;
					};
				};
			};
			buildConfigurationList = 004E67E91E22F5720030A0CF /* Build configuration list for PBXProject "StockViewControllers" */;
			compatibilityVersion = "Xcode 3.2";
			developmentRegion = English;
			hasScannedForEncodings = 0;
			knownRegions = (
				en,
				Base,
			);
			mainGroup = 004E67E51E22F5720030A0CF;
			productRefGroup = 004E67EF1E22F5720030A0CF /* Products */;
			projectDirPath = "";
			projectRoot = "";
			targets = (
				004E67ED1E22F5720030A0CF /* StockViewControllers */,
			);
		};
/* End PBXProject section */

/* Begin PBXResourcesBuildPhase section */
		004E67EC1E22F5720030A0CF /* Resources */ = {
			isa = PBXResourcesBuildPhase;
			buildActionMask = 2147483647;
			files = (
				004E67FC1E22F5720030A0CF /* LaunchScreen.storyboard in Resources */,
				004E67F91E22F5720030A0CF /* Assets.xcassets in Resources */,
				004E67F71E22F5720030A0CF /* Main.storyboard in Resources */,
			);
			runOnlyForDeploymentPostprocessing = 0;
		};
/* End PBXResourcesBuildPhase section */

/* Begin PBXSourcesBuildPhase section */
		004E67EA1E22F5720030A0CF /* Sources */ = {
			isa = PBXSourcesBuildPhase;
			buildActionMask = 2147483647;
			files = (
				004E67F41E22F5720030A0CF /* ViewController.swift in Sources */,
				004E67F21E22F5720030A0CF /* AppDelegate.swift in Sources */,
			);
			runOnlyForDeploymentPostprocessing = 0;
		};
/* End PBXSourcesBuildPhase section */

/* Begin PBXVariantGroup section */
		004E67F51E22F5720030A0CF /* Main.storyboard */ = {
			isa = PBXVariantGroup;
			children = (
				004E67F61E22F5720030A0CF /* Base */,
			);
			name = Main.storyboard;
			sourceTree = "<group>";
		};
		004E67FA1E22F5720030A0CF /* LaunchScreen.storyboard */ = {
			isa = PBXVariantGroup;
			children = (
				004E67FB1E22F5720030A0CF /* Base */,
			);
			name = LaunchScreen.storyboard;
			sourceTree = "<group>";
		};
/* End PBXVariantGroup section */

/* Begin XCBuildConfiguration section */
		004E67FE1E22F5720030A0CF /* Debug */ = {
			isa = XCBuildConfiguration;
			buildSettings = {
				ALWAYS_SEARCH_USER_PATHS = NO;
				CLANG_ANALYZER_NONNULL = YES;
				CLANG_CXX_LANGUAGE_STANDARD = "gnu++0x";
				CLANG_CXX_LIBRARY = "libc++";
				CLANG_ENABLE_MODULES = YES;
				CLANG_ENABLE_OBJC_ARC = YES;
				CLANG_WARN_BOOL_CONVERSION = YES;
				CLANG_WARN_CONSTANT_CONVERSION = YES;
				CLANG_WARN_DIRECT_OBJC_ISA_USAGE = YES_ERROR;
				CLANG_WARN_DOCUMENTATION_COMMENTS = YES;
				CLANG_WARN_EMPTY_BODY = YES;
				CLANG_WARN_ENUM_CONVERSION = YES;
				CLANG_WARN_INFINITE_RECURSION = YES;
				CLANG_WARN_INT_CONVERSION = YES;
				CLANG_WARN_OBJC_ROOT_CLASS = YES_ERROR;
				CLANG_WARN_SUSPICIOUS_MOVE = YES;
				CLANG_WARN_UNREACHABLE_CODE = YES;
				CLANG_WARN__DUPLICATE_METHOD_MATCH = YES;
				"CODE_SIGN_IDENTITY[sdk=iphoneos*]" = "iPhone Developer";
				COPY_PHASE_STRIP = NO;
				DEBUG_INFORMATION_FORMAT = dwarf;
				ENABLE_STRICT_OBJC_MSGSEND = YES;
				ENABLE_TESTABILITY = YES;
				GCC_C_LANGUAGE_STANDARD = gnu99;
				GCC_DYNAMIC_NO_PIC = NO;
				GCC_NO_COMMON_BLOCKS = YES;
				GCC_OPTIMIZATION_LEVEL = 0;
				GCC_PREPROCESSOR_DEFINITIONS = (
					"DEBUG=1",
					"$(inherited)",
				);
				GCC_WARN_64_TO_32_BIT_CONVERSION = YES;
				GCC_WARN_ABOUT_RETURN_TYPE = YES_ERROR;
				GCC_WARN_UNDECLARED_SELECTOR = YES;
				GCC_WARN_UNINITIALIZED_AUTOS = YES_AGGRESSIVE;
				GCC_WARN_UNUSED_FUNCTION = YES;
				GCC_WARN_UNUSED_VARIABLE = YES;
				IPHONEOS_DEPLOYMENT_TARGET = 10.2;
				MTL_ENABLE_DEBUG_INFO = YES;
				ONLY_ACTIVE_ARCH = YES;
				SDKROOT = iphoneos;
				SWIFT_ACTIVE_COMPILATION_CONDITIONS = DEBUG;
				SWIFT_OPTIMIZATION_LEVEL = "-Onone";
				TARGETED_DEVICE_FAMILY = "1,2";
			};
			name = Debug;
		};
		004E67FF1E22F5720030A0CF /* Release */ = {
			isa = XCBuildConfiguration;
			buildSettings = {
				ALWAYS_SEARCH_USER_PATHS = NO;
				CLANG_ANALYZER_NONNULL = YES;
				CLANG_CXX_LANGUAGE_STANDARD = "gnu++0x";
				CLANG_CXX_LIBRARY = "libc++";
				CLANG_ENABLE_MODULES = YES;
				CLANG_ENABLE_OBJC_ARC = YES;
				CLANG_WARN_BOOL_CONVERSION = YES;
				CLANG_WARN_CONSTANT_CONVERSION = YES;
				CLANG_WARN_DIRECT_OBJC_ISA_USAGE = YES_ERROR;
				CLANG_WARN_DOCUMENTATION_COMMENTS = YES;
				CLANG_WARN_EMPTY_BODY = YES;
				CLANG_WARN_ENUM_CONVERSION = YES;
				CLANG_WARN_INFINITE_RECURSION = YES;
				CLANG_WARN_INT_CONVERSION = YES;
				CLANG_WARN_OBJC_ROOT_CLASS = YES_ERROR;
				CLANG_WARN_SUSPICIOUS_MOVE = YES;
				CLANG_WARN_UNREACHABLE_CODE = YES;
				CLANG_WARN__DUPLICATE_METHOD_MATCH = YES;
				"CODE_SIGN_IDENTITY[sdk=iphoneos*]" = "iPhone Developer";
				COPY_PHASE_STRIP = NO;
				DEBUG_INFORMATION_FORMAT = "dwarf-with-dsym";
				ENABLE_NS_ASSERTIONS = NO;
				ENABLE_STRICT_OBJC_MSGSEND = YES;
				GCC_C_LANGUAGE_STANDARD = gnu99;
				GCC_NO_COMMON_BLOCKS = YES;
				GCC_WARN_64_TO_32_BIT_CONVERSION = YES;
				GCC_WARN_ABOUT_RETURN_TYPE = YES_ERROR;
				GCC_WARN_UNDECLARED_SELECTOR = YES;
				GCC_WARN_UNINITIALIZED_AUTOS = YES_AGGRESSIVE;
				GCC_WARN_UNUSED_FUNCTION = YES;
				GCC_WARN_UNUSED_VARIABLE = YES;
				IPHONEOS_DEPLOYMENT_TARGET = 10.2;
				MTL_ENABLE_DEBUG_INFO = NO;
				SDKROOT = iphoneos;
				SWIFT_OPTIMIZATION_LEVEL = "-Owholemodule";
				TARGETED_DEVICE_FAMILY = "1,2";
				VALIDATE_PRODUCT = YES;
			};
			name = Release;
		};
		004E68011E22F5720030A0CF /* Debug */ = {
			isa = XCBuildConfiguration;
			buildSettings = {
				ASSETCATALOG_COMPILER_APPICON_NAME = AppIcon;
				DEVELOPMENT_TEAM = 5R93UBRK4V;
				INFOPLIST_FILE = StockViewControllers/Info.plist;
				LD_RUNPATH_SEARCH_PATHS = "$(inherited) @executable_path/Frameworks";
				PRODUCT_BUNDLE_IDENTIFIER = premiumapp.org.StockViewControllers;
				PRODUCT_NAME = "$(TARGET_NAME)";
				SWIFT_VERSION = 3.0;
			};
			name = Debug;
		};
		004E68021E22F5720030A0CF /* Release */ = {
			isa = XCBuildConfiguration;
			buildSettings = {
				ASSETCATALOG_COMPILER_APPICON_NAME = AppIcon;
				DEVELOPMENT_TEAM = 5R93UBRK4V;
				INFOPLIST_FILE = StockViewControllers/Info.plist;
				LD_RUNPATH_SEARCH_PATHS = "$(inherited) @executable_path/Frameworks";
				PRODUCT_BUNDLE_IDENTIFIER = premiumapp.org.StockViewControllers;
				PRODUCT_NAME = "$(TARGET_NAME)";
				SWIFT_VERSION = 3.0;
			};
			name = Release;
		};
/* End XCBuildConfiguration section */

/* Begin XCConfigurationList section */
		004E67E91E22F5720030A0CF /* Build configuration list for PBXProject "StockViewControllers" */ = {
			isa = XCConfigurationList;
			buildConfigurations = (
				004E67FE1E22F5720030A0CF /* Debug */,
				004E67FF1E22F5720030A0CF /* Release */,
			);
			defaultConfigurationIsVisible = 0;
			defaultConfigurationName = Release;
		};
		004E68001E22F5720030A0CF /* Build configuration list for PBXNativeTarget "StockViewControllers" */ = {
			isa = XCConfigurationList;
			buildConfigurations = (
				004E68011E22F5720030A0CF /* Debug */,
				004E68021E22F5720030A0CF /* Release */,
			);
			defaultConfigurationIsVisible = 0;
		};
/* End XCConfigurationList section */
	};
	rootObject = 004E67E61E22F5720030A0CF /* Project object */;
}
